// !$*UTF8*$!
{
	archiveVersion = 1;
	classes = {
	};
	objectVersion = 46;
	objects = {

/* Begin PBXBuildFile section */
		160877921C4CAD100060E800 /* AppDelegate.swift in Sources */ = {isa = PBXBuildFile; fileRef = 160877911C4CAD100060E800 /* AppDelegate.swift */; };
		160877941C4CAD100060E800 /* ViewController.swift in Sources */ = {isa = PBXBuildFile; fileRef = 160877931C4CAD100060E800 /* ViewController.swift */; };
		160877971C4CAD100060E800 /* Main.storyboard in Resources */ = {isa = PBXBuildFile; fileRef = 160877951C4CAD100060E800 /* Main.storyboard */; };
		160877991C4CAD100060E800 /* Assets.xcassets in Resources */ = {isa = PBXBuildFile; fileRef = 160877981C4CAD100060E800 /* Assets.xcassets */; };
		1608779C1C4CAD100060E800 /* LaunchScreen.storyboard in Resources */ = {isa = PBXBuildFile; fileRef = 1608779A1C4CAD100060E800 /* LaunchScreen.storyboard */; };
		160877A41C4CB0620060E800 /* pokemon.csv in Resources */ = {isa = PBXBuildFile; fileRef = 160877A31C4CB0620060E800 /* pokemon.csv */; };
/* End PBXBuildFile section */

/* Begin PBXFileReference section */
		1608778E1C4CAD100060E800 /* pokedex-by-timothy.app */ = {isa = PBXFileReference; explicitFileType = wrapper.application; includeInIndex = 0; path = "pokedex-by-timothy.app"; sourceTree = BUILT_PRODUCTS_DIR; };
		160877911C4CAD100060E800 /* AppDelegate.swift */ = {isa = PBXFileReference; lastKnownFileType = sourcecode.swift; path = AppDelegate.swift; sourceTree = "<group>"; };
		160877931C4CAD100060E800 /* ViewController.swift */ = {isa = PBXFileReference; lastKnownFileType = sourcecode.swift; path = ViewController.swift; sourceTree = "<group>"; };
		160877961C4CAD100060E800 /* Base */ = {isa = PBXFileReference; lastKnownFileType = file.storyboard; name = Base; path = Base.lproj/Main.storyboard; sourceTree = "<group>"; };
		160877981C4CAD100060E800 /* Assets.xcassets */ = {isa = PBXFileReference; lastKnownFileType = folder.assetcatalog; path = Assets.xcassets; sourceTree = "<group>"; };
		1608779B1C4CAD100060E800 /* Base */ = {isa = PBXFileReference; lastKnownFileType = file.storyboard; name = Base; path = Base.lproj/LaunchScreen.storyboard; sourceTree = "<group>"; };
		1608779D1C4CAD100060E800 /* Info.plist */ = {isa = PBXFileReference; lastKnownFileType = text.plist.xml; path = Info.plist; sourceTree = "<group>"; };
		160877A31C4CB0620060E800 /* pokemon.csv */ = {isa = PBXFileReference; fileEncoding = 4; lastKnownFileType = text; path = pokemon.csv; sourceTree = "<group>"; };
/* End PBXFileReference section */

/* Begin PBXFrameworksBuildPhase section */
		1608778B1C4CAD0F0060E800 /* Frameworks */ = {
			isa = PBXFrameworksBuildPhase;
			buildActionMask = 2147483647;
			files = (
			);
			runOnlyForDeploymentPostprocessing = 0;
		};
/* End PBXFrameworksBuildPhase section */

/* Begin PBXGroup section */
		160877851C4CAD0F0060E800 = {
			isa = PBXGroup;
			children = (
				160877901C4CAD100060E800 /* pokedex-by-timothy */,
				1608778F1C4CAD100060E800 /* Products */,
			);
			sourceTree = "<group>";
		};
		1608778F1C4CAD100060E800 /* Products */ = {
			isa = PBXGroup;
			children = (
				1608778E1C4CAD100060E800 /* pokedex-by-timothy.app */,
			);
			name = Products;
			sourceTree = "<group>";
		};
		160877901C4CAD100060E800 /* pokedex-by-timothy */ = {
			isa = PBXGroup;
			children = (
				160877911C4CAD100060E800 /* AppDelegate.swift */,
				160877931C4CAD100060E800 /* ViewController.swift */,
				160877A31C4CB0620060E800 /* pokemon.csv */,
				160877951C4CAD100060E800 /* Main.storyboard */,
				160877981C4CAD100060E800 /* Assets.xcassets */,
				1608779A1C4CAD100060E800 /* LaunchScreen.storyboard */,
				1608779D1C4CAD100060E800 /* Info.plist */,
			);
			path = "pokedex-by-timothy";
			sourceTree = "<group>";
		};
/* End PBXGroup section */

/* Begin PBXNativeTarget section */
		1608778D1C4CAD0F0060E800 /* pokedex-by-timothy */ = {
			isa = PBXNativeTarget;
			buildConfigurationList = 160877A01C4CAD100060E800 /* Build configuration list for PBXNativeTarget "pokedex-by-timothy" */;
			buildPhases = (
				1608778A1C4CAD0F0060E800 /* Sources */,
				1608778B1C4CAD0F0060E800 /* Frameworks */,
				1608778C1C4CAD0F0060E800 /* Resources */,
			);
			buildRules = (
			);
			dependencies = (
			);
			name = "pokedex-by-timothy";
			productName = "pokedex-by-timothy";
			productReference = 1608778E1C4CAD100060E800 /* pokedex-by-timothy.app */;
			productType = "com.apple.product-type.application";
		};
/* End PBXNativeTarget section */

/* Begin PBXProject section */
		160877861C4CAD0F0060E800 /* Project object */ = {
			isa = PBXProject;
			attributes = {
				LastSwiftUpdateCheck = 0720;
				LastUpgradeCheck = 0720;
				ORGANIZATIONNAME = TrumaineHughes;
				TargetAttributes = {
					1608778D1C4CAD0F0060E800 = {
						CreatedOnToolsVersion = 7.2;
					};
				};
			};
			buildConfigurationList = 160877891C4CAD0F0060E800 /* Build configuration list for PBXProject "pokedex-by-timothy" */;
			compatibilityVersion = "Xcode 3.2";
			developmentRegion = English;
			hasScannedForEncodings = 0;
			knownRegions = (
				en,
				Base,
			);
			mainGroup = 160877851C4CAD0F0060E800;
			productRefGroup = 1608778F1C4CAD100060E800 /* Products */;
			projectDirPath = "";
			projectRoot = "";
			targets = (
				1608778D1C4CAD0F0060E800 /* pokedex-by-timothy */,
			);
		};
/* End PBXProject section */

/* Begin PBXResourcesBuildPhase section */
		1608778C1C4CAD0F0060E800 /* Resources */ = {
			isa = PBXResourcesBuildPhase;
			buildActionMask = 2147483647;
			files = (
				1608779C1C4CAD100060E800 /* LaunchScreen.storyboard in Resources */,
				160877991C4CAD100060E800 /* Assets.xcassets in Resources */,
				160877A41C4CB0620060E800 /* pokemon.csv in Resources */,
				160877971C4CAD100060E800 /* Main.storyboard in Resources */,
			);
			runOnlyForDeploymentPostprocessing = 0;
		};
/* End PBXResourcesBuildPhase section */

/* Begin PBXSourcesBuildPhase section */
		1608778A1C4CAD0F0060E800 /* Sources */ = {
			isa = PBXSourcesBuildPhase;
			buildActionMask = 2147483647;
			files = (
				160877941C4CAD100060E800 /* ViewController.swift in Sources */,
				160877921C4CAD100060E800 /* AppDelegate.swift in Sources */,
			);
			runOnlyForDeploymentPostprocessing = 0;
		};
/* End PBXSourcesBuildPhase section */

/* Begin PBXVariantGroup section */
		160877951C4CAD100060E800 /* Main.storyboard */ = {
			isa = PBXVariantGroup;
			children = (
				160877961C4CAD100060E800 /* Base */,
			);
			name = Main.storyboard;
			sourceTree = "<group>";
		};
		1608779A1C4CAD100060E800 /* LaunchScreen.storyboard */ = {
			isa = PBXVariantGroup;
			children = (
				1608779B1C4CAD100060E800 /* Base */,
			);
			name = LaunchScreen.storyboard;
			sourceTree = "<group>";
		};
/* End PBXVariantGroup section */

/* Begin XCBuildConfiguration section */
		1608779E1C4CAD100060E800 /* Debug */ = {
			isa = XCBuildConfiguration;
			buildSettings = {
				ALWAYS_SEARCH_USER_PATHS = NO;
				CLANG_CXX_LANGUAGE_STANDARD = "gnu++0x";
				CLANG_CXX_LIBRARY = "libc++";
				CLANG_ENABLE_MODULES = YES;
				CLANG_ENABLE_OBJC_ARC = YES;
				CLANG_WARN_BOOL_CONVERSION = YES;
				CLANG_WARN_CONSTANT_CONVERSION = YES;
				CLANG_WARN_DIRECT_OBJC_ISA_USAGE = YES_ERROR;
				CLANG_WARN_EMPTY_BODY = YES;
				CLANG_WARN_ENUM_CONVERSION = YES;
				CLANG_WARN_INT_CONVERSION = YES;
				CLANG_WARN_OBJC_ROOT_CLASS = YES_ERROR;
				CLANG_WARN_UNREACHABLE_CODE = YES;
				CLANG_WARN__DUPLICATE_METHOD_MATCH = YES;
				"CODE_SIGN_IDENTITY[sdk=iphoneos*]" = "iPhone Developer";
				COPY_PHASE_STRIP = NO;
				DEBUG_INFORMATION_FORMAT = dwarf;
				ENABLE_STRICT_OBJC_MSGSEND = YES;
				ENABLE_TESTABILITY = YES;
				GCC_C_LANGUAGE_STANDARD = gnu99;
				GCC_DYNAMIC_NO_PIC = NO;
				GCC_NO_COMMON_BLOCKS = YES;
				GCC_OPTIMIZATION_LEVEL = 0;
				GCC_PREPROCESSOR_DEFINITIONS = (
					"DEBUG=1",
					"$(inherited)",
				);
				GCC_WARN_64_TO_32_BIT_CONVERSION = YES;
				GCC_WARN_ABOUT_RETURN_TYPE = YES_ERROR;
				GCC_WARN_UNDECLARED_SELECTOR = YES;
				GCC_WARN_UNINITIALIZED_AUTOS = YES_AGGRESSIVE;
				GCC_WARN_UNUSED_FUNCTION = YES;
				GCC_WARN_UNUSED_VARIABLE = YES;
				IPHONEOS_DEPLOYMENT_TARGET = 9.2;
				MTL_ENABLE_DEBUG_INFO = YES;
				ONLY_ACTIVE_ARCH = YES;
				SDKROOT = iphoneos;
				SWIFT_OPTIMIZATION_LEVEL = "-Onone";
				TARGETED_DEVICE_FAMILY = "1,2";
			};
			name = Debug;
		};
		1608779F1C4CAD100060E800 /* Release */ = {
			isa = XCBuildConfiguration;
			buildSettings = {
				ALWAYS_SEARCH_USER_PATHS = NO;
				CLANG_CXX_LANGUAGE_STANDARD = "gnu++0x";
				CLANG_CXX_LIBRARY = "libc++";
				CLANG_ENABLE_MODULES = YES;
				CLANG_ENABLE_OBJC_ARC = YES;
				CLANG_WARN_BOOL_CONVERSION = YES;
				CLANG_WARN_CONSTANT_CONVERSION = YES;
				CLANG_WARN_DIRECT_OBJC_ISA_USAGE = YES_ERROR;
				CLANG_WARN_EMPTY_BODY = YES;
				CLANG_WARN_ENUM_CONVERSION = YES;
				CLANG_WARN_INT_CONVERSION = YES;
				CLANG_WARN_OBJC_ROOT_CLASS = YES_ERROR;
				CLANG_WARN_UNREACHABLE_CODE = YES;
				CLANG_WARN__DUPLICATE_METHOD_MATCH = YES;
				"CODE_SIGN_IDENTITY[sdk=iphoneos*]" = "iPhone Developer";
				COPY_PHASE_STRIP = NO;
				DEBUG_INFORMATION_FORMAT = "dwarf-with-dsym";
				ENABLE_NS_ASSERTIONS = NO;
				ENABLE_STRICT_OBJC_MSGSEND = YES;
				GCC_C_LANGUAGE_STANDARD = gnu99;
				GCC_NO_COMMON_BLOCKS = YES;
				GCC_WARN_64_TO_32_BIT_CONVERSION = YES;
				GCC_WARN_ABOUT_RETURN_TYPE = YES_ERROR;
				GCC_WARN_UNDECLARED_SELECTOR = YES;
				GCC_WARN_UNINITIALIZED_AUTOS = YES_AGGRESSIVE;
				GCC_WARN_UNUSED_FUNCTION = YES;
				GCC_WARN_UNUSED_VARIABLE = YES;
				IPHONEOS_DEPLOYMENT_TARGET = 9.2;
				MTL_ENABLE_DEBUG_INFO = NO;
				SDKROOT = iphoneos;
				TARGETED_DEVICE_FAMILY = "1,2";
				VALIDATE_PRODUCT = YES;
			};
			name = Release;
		};
		160877A11C4CAD100060E800 /* Debug */ = {
			isa = XCBuildConfiguration;
			buildSettings = {
				ASSETCATALOG_COMPILER_APPICON_NAME = AppIcon;
				INFOPLIST_FILE = "pokedex-by-timothy/Info.plist";
				LD_RUNPATH_SEARCH_PATHS = "$(inherited) @executable_path/Frameworks";
				PRODUCT_BUNDLE_IDENTIFIER = "com.trumainehughes.pokedex-by-timothy";
				PRODUCT_NAME = "$(TARGET_NAME)";
			};
			name = Debug;
		};
		160877A21C4CAD100060E800 /* Release */ = {
			isa = XCBuildConfiguration;
			buildSettings = {
				ASSETCATALOG_COMPILER_APPICON_NAME = AppIcon;
				INFOPLIST_FILE = "pokedex-by-timothy/Info.plist";
				LD_RUNPATH_SEARCH_PATHS = "$(inherited) @executable_path/Frameworks";
				PRODUCT_BUNDLE_IDENTIFIER = "com.trumainehughes.pokedex-by-timothy";
				PRODUCT_NAME = "$(TARGET_NAME)";
			};
			name = Release;
		};
/* End XCBuildConfiguration section */

/* Begin XCConfigurationList section */
		160877891C4CAD0F0060E800 /* Build configuration list for PBXProject "pokedex-by-timothy" */ = {
			isa = XCConfigurationList;
			buildConfigurations = (
				1608779E1C4CAD100060E800 /* Debug */,
				1608779F1C4CAD100060E800 /* Release */,
			);
			defaultConfigurationIsVisible = 0;
			defaultConfigurationName = Release;
		};
		160877A01C4CAD100060E800 /* Build configuration list for PBXNativeTarget "pokedex-by-timothy" */ = {
			isa = XCConfigurationList;
			buildConfigurations = (
				160877A11C4CAD100060E800 /* Debug */,
				160877A21C4CAD100060E800 /* Release */,
			);
			defaultConfigurationIsVisible = 0;
		};
/* End XCConfigurationList section */
	};
	rootObject = 160877861C4CAD0F0060E800 /* Project object */;
}
